
Microsoft Visual Studio Solution File, Format Version 12.00
# Visual Studio Version 17
VisualStudioVersion = 17.14.36518.9 d17.14
MinimumVisualStudioVersion = 10.0.40219.1
Project("{FAE04EC0-301F-11D3-BF4B-00C04F79EFBC}") = "CountryGame1", "CountryGame1.csproj", "{AC505F05-DBE9-4FD3-9CB0-DDB7558A5125}"
EndProject
Global
	GlobalSection(SolutionConfigurationPlatforms) = preSolution
		Debug|Any CPU = Debug|Any CPU
		Release|Any CPU = Release|Any CPU
	EndGlobalSection
	GlobalSection(ProjectConfigurationPlatforms) = postSolution
		{AC505F05-DBE9-4FD3-9CB0-DDB7558A5125}.Debug|Any CPU.ActiveCfg = Debug|Any CPU
		{AC505F05-DBE9-4FD3-9CB0-DDB7558A5125}.Debug|Any CPU.Build.0 = Debug|Any CPU
		{AC505F05-DBE9-4FD3-9CB0-DDB7558A5125}.Release|Any CPU.ActiveCfg = Release|Any CPU
		{AC505F05-DBE9-4FD3-9CB0-DDB7558A5125}.Release|Any CPU.Build.0 = Release|Any CPU
	EndGlobalSection
	GlobalSection(SolutionProperties) = preSolution
		HideSolutionNode = FALSE
	EndGlobalSection
	GlobalSection(ExtensibilityGlobals) = postSolution
		SolutionGuid = {048C69B1-1420-44C6-A78A-3E4B3D6BA7A0}
	EndGlobalSection
EndGlobal
